// !$*UTF8*$!
{
	archiveVersion = 1;
	classes = {
	};
	objectVersion = 46;
	objects = {

/* Begin PBXBuildFile section */
		B3FDD0CC1F2245A300684B45 /* AppDelegate.swift in Sources */ = {isa = PBXBuildFile; fileRef = B3FDD0CB1F2245A300684B45 /* AppDelegate.swift */; };
		B3FDD0CE1F2245A300684B45 /* ViewController.swift in Sources */ = {isa = PBXBuildFile; fileRef = B3FDD0CD1F2245A300684B45 /* ViewController.swift */; };
		B3FDD0D11F2245A300684B45 /* Main.storyboard in Resources */ = {isa = PBXBuildFile; fileRef = B3FDD0CF1F2245A300684B45 /* Main.storyboard */; };
		B3FDD0D31F2245A300684B45 /* Assets.xcassets in Resources */ = {isa = PBXBuildFile; fileRef = B3FDD0D21F2245A300684B45 /* Assets.xcassets */; };
		B3FDD0D61F2245A300684B45 /* LaunchScreen.storyboard in Resources */ = {isa = PBXBuildFile; fileRef = B3FDD0D41F2245A300684B45 /* LaunchScreen.storyboard */; };
		B3FDD0DE1F224A0B00684B45 /* SimpleSound.swift in Sources */ = {isa = PBXBuildFile; fileRef = B3FDD0DD1F224A0B00684B45 /* SimpleSound.swift */; };
		B3FDD0EE1F224B0400684B45 /* meow.m4a in Resources */ = {isa = PBXBuildFile; fileRef = B3FDD0EB1F224B0400684B45 /* meow.m4a */; };
		B3FDD0EF1F224B0400684B45 /* moo.m4a in Resources */ = {isa = PBXBuildFile; fileRef = B3FDD0EC1F224B0400684B45 /* moo.m4a */; };
		B3FDD0F01F224B0400684B45 /* woof.m4a in Resources */ = {isa = PBXBuildFile; fileRef = B3FDD0ED1F224B0400684B45 /* woof.m4a */; };
/* End PBXBuildFile section */

/* Begin PBXFileReference section */
		B3FDD0C81F2245A300684B45 /* AnimalSounds.app */ = {isa = PBXFileReference; explicitFileType = wrapper.application; includeInIndex = 0; path = AnimalSounds.app; sourceTree = BUILT_PRODUCTS_DIR; };
		B3FDD0CB1F2245A300684B45 /* AppDelegate.swift */ = {isa = PBXFileReference; lastKnownFileType = sourcecode.swift; path = AppDelegate.swift; sourceTree = "<group>"; };
		B3FDD0CD1F2245A300684B45 /* ViewController.swift */ = {isa = PBXFileReference; lastKnownFileType = sourcecode.swift; path = ViewController.swift; sourceTree = "<group>"; };
		B3FDD0D01F2245A300684B45 /* Base */ = {isa = PBXFileReference; lastKnownFileType = file.storyboard; name = Base; path = Base.lproj/Main.storyboard; sourceTree = "<group>"; };
		B3FDD0D21F2245A300684B45 /* Assets.xcassets */ = {isa = PBXFileReference; lastKnownFileType = folder.assetcatalog; path = Assets.xcassets; sourceTree = "<group>"; };
		B3FDD0D51F2245A300684B45 /* Base */ = {isa = PBXFileReference; lastKnownFileType = file.storyboard; name = Base; path = Base.lproj/LaunchScreen.storyboard; sourceTree = "<group>"; };
		B3FDD0D71F2245A300684B45 /* Info.plist */ = {isa = PBXFileReference; lastKnownFileType = text.plist.xml; path = Info.plist; sourceTree = "<group>"; };
		B3FDD0DD1F224A0B00684B45 /* SimpleSound.swift */ = {isa = PBXFileReference; fileEncoding = 4; lastKnownFileType = sourcecode.swift; name = SimpleSound.swift; path = ../../Resources/AnimalSounds/SimpleSound.swift; sourceTree = "<group>"; };
		B3FDD0EB1F224B0400684B45 /* meow.m4a */ = {isa = PBXFileReference; lastKnownFileType = file; name = meow.m4a; path = ../../Resources/AnimalSounds/meow.m4a; sourceTree = "<group>"; };
		B3FDD0EC1F224B0400684B45 /* moo.m4a */ = {isa = PBXFileReference; lastKnownFileType = file; name = moo.m4a; path = ../../Resources/AnimalSounds/moo.m4a; sourceTree = "<group>"; };
		B3FDD0ED1F224B0400684B45 /* woof.m4a */ = {isa = PBXFileReference; lastKnownFileType = file; name = woof.m4a; path = ../../Resources/AnimalSounds/woof.m4a; sourceTree = "<group>"; };
/* End PBXFileReference section */

/* Begin PBXFrameworksBuildPhase section */
		B3FDD0C51F2245A300684B45 /* Frameworks */ = {
			isa = PBXFrameworksBuildPhase;
			buildActionMask = 2147483647;
			files = (
			);
			runOnlyForDeploymentPostprocessing = 0;
		};
/* End PBXFrameworksBuildPhase section */

/* Begin PBXGroup section */
		B3FDD0BF1F2245A300684B45 = {
			isa = PBXGroup;
			children = (
				B3FDD0CA1F2245A300684B45 /* AnimalSounds */,
				B3FDD0C91F2245A300684B45 /* Products */,
			);
			sourceTree = "<group>";
		};
		B3FDD0C91F2245A300684B45 /* Products */ = {
			isa = PBXGroup;
			children = (
				B3FDD0C81F2245A300684B45 /* AnimalSounds.app */,
			);
			name = Products;
			sourceTree = "<group>";
		};
		B3FDD0CA1F2245A300684B45 /* AnimalSounds */ = {
			isa = PBXGroup;
			children = (
				B3FDD0EB1F224B0400684B45 /* meow.m4a */,
				B3FDD0EC1F224B0400684B45 /* moo.m4a */,
				B3FDD0ED1F224B0400684B45 /* woof.m4a */,
				B3FDD0DD1F224A0B00684B45 /* SimpleSound.swift */,
				B3FDD0CB1F2245A300684B45 /* AppDelegate.swift */,
				B3FDD0CD1F2245A300684B45 /* ViewController.swift */,
				B3FDD0CF1F2245A300684B45 /* Main.storyboard */,
				B3FDD0D21F2245A300684B45 /* Assets.xcassets */,
				B3FDD0D41F2245A300684B45 /* LaunchScreen.storyboard */,
				B3FDD0D71F2245A300684B45 /* Info.plist */,
			);
			path = AnimalSounds;
			sourceTree = "<group>";
		};
/* End PBXGroup section */

/* Begin PBXNativeTarget section */
		B3FDD0C71F2245A300684B45 /* AnimalSounds */ = {
			isa = PBXNativeTarget;
			buildConfigurationList = B3FDD0DA1F2245A300684B45 /* Build configuration list for PBXNativeTarget "AnimalSounds" */;
			buildPhases = (
				B3FDD0C41F2245A300684B45 /* Sources */,
				B3FDD0C51F2245A300684B45 /* Frameworks */,
				B3FDD0C61F2245A300684B45 /* Resources */,
			);
			buildRules = (
			);
			dependencies = (
			);
			name = AnimalSounds;
			productName = AnimalSounds;
			productReference = B3FDD0C81F2245A300684B45 /* AnimalSounds.app */;
			productType = "com.apple.product-type.application";
		};
/* End PBXNativeTarget section */

/* Begin PBXProject section */
		B3FDD0C01F2245A300684B45 /* Project object */ = {
			isa = PBXProject;
			attributes = {
				LastSwiftUpdateCheck = 0830;
				LastUpgradeCheck = 0830;
				ORGANIZATIONNAME = "Guillermo Alcalá Gamero";
				TargetAttributes = {
					B3FDD0C71F2245A300684B45 = {
						CreatedOnToolsVersion = 8.3.3;
						ProvisioningStyle = Automatic;
					};
				};
			};
			buildConfigurationList = B3FDD0C31F2245A300684B45 /* Build configuration list for PBXProject "AnimalSounds" */;
			compatibilityVersion = "Xcode 3.2";
			developmentRegion = English;
			hasScannedForEncodings = 0;
			knownRegions = (
				en,
				Base,
			);
			mainGroup = B3FDD0BF1F2245A300684B45;
			productRefGroup = B3FDD0C91F2245A300684B45 /* Products */;
			projectDirPath = "";
			projectRoot = "";
			targets = (
				B3FDD0C71F2245A300684B45 /* AnimalSounds */,
			);
		};
/* End PBXProject section */

/* Begin PBXResourcesBuildPhase section */
		B3FDD0C61F2245A300684B45 /* Resources */ = {
			isa = PBXResourcesBuildPhase;
			buildActionMask = 2147483647;
			files = (
				B3FDD0EE1F224B0400684B45 /* meow.m4a in Resources */,
				B3FDD0F01F224B0400684B45 /* woof.m4a in Resources */,
				B3FDD0EF1F224B0400684B45 /* moo.m4a in Resources */,
				B3FDD0D61F2245A300684B45 /* LaunchScreen.storyboard in Resources */,
				B3FDD0D31F2245A300684B45 /* Assets.xcassets in Resources */,
				B3FDD0D11F2245A300684B45 /* Main.storyboard in Resources */,
			);
			runOnlyForDeploymentPostprocessing = 0;
		};
/* End PBXResourcesBuildPhase section */

/* Begin PBXSourcesBuildPhase section */
		B3FDD0C41F2245A300684B45 /* Sources */ = {
			isa = PBXSourcesBuildPhase;
			buildActionMask = 2147483647;
			files = (
				B3FDD0DE1F224A0B00684B45 /* SimpleSound.swift in Sources */,
				B3FDD0CE1F2245A300684B45 /* ViewController.swift in Sources */,
				B3FDD0CC1F2245A300684B45 /* AppDelegate.swift in Sources */,
			);
			runOnlyForDeploymentPostprocessing = 0;
		};
/* End PBXSourcesBuildPhase section */

/* Begin PBXVariantGroup section */
		B3FDD0CF1F2245A300684B45 /* Main.storyboard */ = {
			isa = PBXVariantGroup;
			children = (
				B3FDD0D01F2245A300684B45 /* Base */,
			);
			name = Main.storyboard;
			sourceTree = "<group>";
		};
		B3FDD0D41F2245A300684B45 /* LaunchScreen.storyboard */ = {
			isa = PBXVariantGroup;
			children = (
				B3FDD0D51F2245A300684B45 /* Base */,
			);
			name = LaunchScreen.storyboard;
			sourceTree = "<group>";
		};
/* End PBXVariantGroup section */

/* Begin XCBuildConfiguration section */
		B3FDD0D81F2245A300684B45 /* Debug */ = {
			isa = XCBuildConfiguration;
			buildSettings = {
				ALWAYS_SEARCH_USER_PATHS = NO;
				CLANG_ANALYZER_NONNULL = YES;
				CLANG_ANALYZER_NUMBER_OBJECT_CONVERSION = YES_AGGRESSIVE;
				CLANG_CXX_LANGUAGE_STANDARD = "gnu++0x";
				CLANG_CXX_LIBRARY = "libc++";
				CLANG_ENABLE_MODULES = YES;
				CLANG_ENABLE_OBJC_ARC = YES;
				CLANG_WARN_BOOL_CONVERSION = YES;
				CLANG_WARN_CONSTANT_CONVERSION = YES;
				CLANG_WARN_DIRECT_OBJC_ISA_USAGE = YES_ERROR;
				CLANG_WARN_DOCUMENTATION_COMMENTS = YES;
				CLANG_WARN_EMPTY_BODY = YES;
				CLANG_WARN_ENUM_CONVERSION = YES;
				CLANG_WARN_INFINITE_RECURSION = YES;
				CLANG_WARN_INT_CONVERSION = YES;
				CLANG_WARN_OBJC_ROOT_CLASS = YES_ERROR;
				CLANG_WARN_SUSPICIOUS_MOVE = YES;
				CLANG_WARN_UNREACHABLE_CODE = YES;
				CLANG_WARN__DUPLICATE_METHOD_MATCH = YES;
				"CODE_SIGN_IDENTITY[sdk=iphoneos*]" = "iPhone Developer";
				COPY_PHASE_STRIP = NO;
				DEBUG_INFORMATION_FORMAT = dwarf;
				ENABLE_STRICT_OBJC_MSGSEND = YES;
				ENABLE_TESTABILITY = YES;
				GCC_C_LANGUAGE_STANDARD = gnu99;
				GCC_DYNAMIC_NO_PIC = NO;
				GCC_NO_COMMON_BLOCKS = YES;
				GCC_OPTIMIZATION_LEVEL = 0;
				GCC_PREPROCESSOR_DEFINITIONS = (
					"DEBUG=1",
					"$(inherited)",
				);
				GCC_WARN_64_TO_32_BIT_CONVERSION = YES;
				GCC_WARN_ABOUT_RETURN_TYPE = YES_ERROR;
				GCC_WARN_UNDECLARED_SELECTOR = YES;
				GCC_WARN_UNINITIALIZED_AUTOS = YES_AGGRESSIVE;
				GCC_WARN_UNUSED_FUNCTION = YES;
				GCC_WARN_UNUSED_VARIABLE = YES;
				IPHONEOS_DEPLOYMENT_TARGET = 10.3;
				MTL_ENABLE_DEBUG_INFO = YES;
				ONLY_ACTIVE_ARCH = YES;
				SDKROOT = iphoneos;
				SWIFT_ACTIVE_COMPILATION_CONDITIONS = DEBUG;
				SWIFT_OPTIMIZATION_LEVEL = "-Onone";
			};
			name = Debug;
		};
		B3FDD0D91F2245A300684B45 /* Release */ = {
			isa = XCBuildConfiguration;
			buildSettings = {
				ALWAYS_SEARCH_USER_PATHS = NO;
				CLANG_ANALYZER_NONNULL = YES;
				CLANG_ANALYZER_NUMBER_OBJECT_CONVERSION = YES_AGGRESSIVE;
				CLANG_CXX_LANGUAGE_STANDARD = "gnu++0x";
				CLANG_CXX_LIBRARY = "libc++";
				CLANG_ENABLE_MODULES = YES;
				CLANG_ENABLE_OBJC_ARC = YES;
				CLANG_WARN_BOOL_CONVERSION = YES;
				CLANG_WARN_CONSTANT_CONVERSION = YES;
				CLANG_WARN_DIRECT_OBJC_ISA_USAGE = YES_ERROR;
				CLANG_WARN_DOCUMENTATION_COMMENTS = YES;
				CLANG_WARN_EMPTY_BODY = YES;
				CLANG_WARN_ENUM_CONVERSION = YES;
				CLANG_WARN_INFINITE_RECURSION = YES;
				CLANG_WARN_INT_CONVERSION = YES;
				CLANG_WARN_OBJC_ROOT_CLASS = YES_ERROR;
				CLANG_WARN_SUSPICIOUS_MOVE = YES;
				CLANG_WARN_UNREACHABLE_CODE = YES;
				CLANG_WARN__DUPLICATE_METHOD_MATCH = YES;
				"CODE_SIGN_IDENTITY[sdk=iphoneos*]" = "iPhone Developer";
				COPY_PHASE_STRIP = NO;
				DEBUG_INFORMATION_FORMAT = "dwarf-with-dsym";
				ENABLE_NS_ASSERTIONS = NO;
				ENABLE_STRICT_OBJC_MSGSEND = YES;
				GCC_C_LANGUAGE_STANDARD = gnu99;
				GCC_NO_COMMON_BLOCKS = YES;
				GCC_WARN_64_TO_32_BIT_CONVERSION = YES;
				GCC_WARN_ABOUT_RETURN_TYPE = YES_ERROR;
				GCC_WARN_UNDECLARED_SELECTOR = YES;
				GCC_WARN_UNINITIALIZED_AUTOS = YES_AGGRESSIVE;
				GCC_WARN_UNUSED_FUNCTION = YES;
				GCC_WARN_UNUSED_VARIABLE = YES;
				IPHONEOS_DEPLOYMENT_TARGET = 10.3;
				MTL_ENABLE_DEBUG_INFO = NO;
				SDKROOT = iphoneos;
				SWIFT_OPTIMIZATION_LEVEL = "-Owholemodule";
				VALIDATE_PRODUCT = YES;
			};
			name = Release;
		};
		B3FDD0DB1F2245A300684B45 /* Debug */ = {
			isa = XCBuildConfiguration;
			buildSettings = {
				ASSETCATALOG_COMPILER_APPICON_NAME = AppIcon;
				INFOPLIST_FILE = AnimalSounds/Info.plist;
				LD_RUNPATH_SEARCH_PATHS = "$(inherited) @executable_path/Frameworks";
				PRODUCT_BUNDLE_IDENTIFIER = com.example.AnimalSounds;
				PRODUCT_NAME = "$(TARGET_NAME)";
				SWIFT_VERSION = 3.0;
			};
			name = Debug;
		};
		B3FDD0DC1F2245A300684B45 /* Release */ = {
			isa = XCBuildConfiguration;
			buildSettings = {
				ASSETCATALOG_COMPILER_APPICON_NAME = AppIcon;
				INFOPLIST_FILE = AnimalSounds/Info.plist;
				LD_RUNPATH_SEARCH_PATHS = "$(inherited) @executable_path/Frameworks";
				PRODUCT_BUNDLE_IDENTIFIER = com.example.AnimalSounds;
				PRODUCT_NAME = "$(TARGET_NAME)";
				SWIFT_VERSION = 3.0;
			};
			name = Release;
		};
/* End XCBuildConfiguration section */

/* Begin XCConfigurationList section */
		B3FDD0C31F2245A300684B45 /* Build configuration list for PBXProject "AnimalSounds" */ = {
			isa = XCConfigurationList;
			buildConfigurations = (
				B3FDD0D81F2245A300684B45 /* Debug */,
				B3FDD0D91F2245A300684B45 /* Release */,
			);
			defaultConfigurationIsVisible = 0;
			defaultConfigurationName = Release;
		};
		B3FDD0DA1F2245A300684B45 /* Build configuration list for PBXNativeTarget "AnimalSounds" */ = {
			isa = XCConfigurationList;
			buildConfigurations = (
				B3FDD0DB1F2245A300684B45 /* Debug */,
				B3FDD0DC1F2245A300684B45 /* Release */,
			);
			defaultConfigurationIsVisible = 0;
		};
/* End XCConfigurationList section */
	};
	rootObject = B3FDD0C01F2245A300684B45 /* Project object */;
}
